PODS:
  - Flutter (1.0.0)
  - flutter_stripe_terminal (0.0.1):
    - Flutter
    - StripeTerminal (= 2.16.1)
  - StripeTerminal (2.16.1)

DEPENDENCIES:
  - Flutter (from `Flutter`)
  - flutter_stripe_terminal (from `.symlinks/plugins/flutter_stripe_terminal/ios`)

SPEC REPOS:
  trunk:
    - StripeTerminal

EXTERNAL SOURCES:
  Flutter:
    :path: Flutter
  flutter_stripe_terminal:
    :path: ".symlinks/plugins/flutter_stripe_terminal/ios"

SPEC CHECKSUMS:
  Flutter: f04841e97a9d0b0a8025694d0796dd46242b2854
  flutter_stripe_terminal: 675611c998d1edc29fd4e21d3017861c8de674f1
  StripeTerminal: 81916e1f040f84f5d055056fdd5fb9231a26c494

PODFILE CHECKSUM: cc1f88378b4bfcf93a6ce00d2c587857c6008d3b

COCOAPODS: 1.11.3
