PODS:
  - Flutter (1.0.0)
  - flutter_stripe_terminal (0.0.1):
    - Flutter
    - StripeTerminal (= 2.0)
  - StripeTerminal (2.0.0)

DEPENDENCIES:
  - Flutter (from `Flutter`)
  - flutter_stripe_terminal (from `.symlinks/plugins/flutter_stripe_terminal/ios`)

SPEC REPOS:
  trunk:
    - StripeTerminal

EXTERNAL SOURCES:
  Flutter:
    :path: Flutter
  flutter_stripe_terminal:
    :path: ".symlinks/plugins/flutter_stripe_terminal/ios"

SPEC CHECKSUMS:
  Flutter: 434fef37c0980e73bb6479ef766c45957d4b510c
  flutter_stripe_terminal: 82e5718906d87c7216d7f23fb08e471352b95599
  StripeTerminal: 92673ce3ecb15ae2f8436fc47c78fdf729955462

PODFILE CHECKSUM: fe0e1ee7f3d1f7d00b11b474b62dd62134535aea

COCOAPODS: 1.11.2
